
Microsoft Visual Studio Solution File, Format Version 12.00
# Visual Studio Version 16
VisualStudioVersion = 16.0.30225.117
MinimumVisualStudioVersion = 10.0.40219.1
Project("{FAE04EC0-301F-11D3-BF4B-00C04F79EFBC}") = "WebApplicationApiClient", "WebApplicationApiClient\WebApplicationApiClient.csproj", "{7EDAADBA-9C0F-492D-A085-0D95912667D2}"
EndProject
Project("{FAE04EC0-301F-11D3-BF4B-00C04F79EFBC}") = "WebApplicationMVC", "WebApplicationMVC\WebApplicationMVC.csproj", "{9CF0E38C-04B6-4938-B884-7BE99C018359}"
EndProject
Project("{FAE04EC0-301F-11D3-BF4B-00C04F79EFBC}") = "WebApplicationSimple", "WebApplicationSimple\WebApplicationSimple.csproj", "{5C14B6E0-C77D-430B-AE77-9249CD6C894D}"
EndProject
Global
	GlobalSection(SolutionConfigurationPlatforms) = preSolution
		Debug|Any CPU = Debug|Any CPU
		Release|Any CPU = Release|Any CPU
	EndGlobalSection
	GlobalSection(ProjectConfigurationPlatforms) = postSolution
		{7EDAADBA-9C0F-492D-A085-0D95912667D2}.Debug|Any CPU.ActiveCfg = Debug|Any CPU
		{7EDAADBA-9C0F-492D-A085-0D95912667D2}.Debug|Any CPU.Build.0 = Debug|Any CPU
		{7EDAADBA-9C0F-492D-A085-0D95912667D2}.Release|Any CPU.ActiveCfg = Release|Any CPU
		{7EDAADBA-9C0F-492D-A085-0D95912667D2}.Release|Any CPU.Build.0 = Release|Any CPU
		{9CF0E38C-04B6-4938-B884-7BE99C018359}.Debug|Any CPU.ActiveCfg = Debug|Any CPU
		{9CF0E38C-04B6-4938-B884-7BE99C018359}.Debug|Any CPU.Build.0 = Debug|Any CPU
		{9CF0E38C-04B6-4938-B884-7BE99C018359}.Release|Any CPU.ActiveCfg = Release|Any CPU
		{9CF0E38C-04B6-4938-B884-7BE99C018359}.Release|Any CPU.Build.0 = Release|Any CPU
		{5C14B6E0-C77D-430B-AE77-9249CD6C894D}.Debug|Any CPU.ActiveCfg = Debug|Any CPU
		{5C14B6E0-C77D-430B-AE77-9249CD6C894D}.Debug|Any CPU.Build.0 = Debug|Any CPU
		{5C14B6E0-C77D-430B-AE77-9249CD6C894D}.Release|Any CPU.ActiveCfg = Release|Any CPU
		{5C14B6E0-C77D-430B-AE77-9249CD6C894D}.Release|Any CPU.Build.0 = Release|Any CPU
	EndGlobalSection
	GlobalSection(SolutionProperties) = preSolution
		HideSolutionNode = FALSE
	EndGlobalSection
	GlobalSection(ExtensibilityGlobals) = postSolution
		SolutionGuid = {67E9AA5A-DD28-48FB-80D0-4E20C2D9A16B}
	EndGlobalSection
EndGlobal
