
Microsoft Visual Studio Solution File, Format Version 12.00
# Visual Studio Version 16
VisualStudioVersion = 16.0.29926.136
MinimumVisualStudioVersion = 10.0.40219.1
Project("{FAE04EC0-301F-11D3-BF4B-00C04F79EFBC}") = "ex5SmoothSentences", "ex5SmoothSentences\ex5SmoothSentences.csproj", "{6E039583-1258-448F-895E-E5D60D491537}"
EndProject
Global
	GlobalSection(SolutionConfigurationPlatforms) = preSolution
		Debug|Any CPU = Debug|Any CPU
		Release|Any CPU = Release|Any CPU
	EndGlobalSection
	GlobalSection(ProjectConfigurationPlatforms) = postSolution
		{6E039583-1258-448F-895E-E5D60D491537}.Debug|Any CPU.ActiveCfg = Debug|Any CPU
		{6E039583-1258-448F-895E-E5D60D491537}.Debug|Any CPU.Build.0 = Debug|Any CPU
		{6E039583-1258-448F-895E-E5D60D491537}.Release|Any CPU.ActiveCfg = Release|Any CPU
		{6E039583-1258-448F-895E-E5D60D491537}.Release|Any CPU.Build.0 = Release|Any CPU
	EndGlobalSection
	GlobalSection(SolutionProperties) = preSolution
		HideSolutionNode = FALSE
	EndGlobalSection
	GlobalSection(ExtensibilityGlobals) = postSolution
		SolutionGuid = {9DF4FCCD-5A4F-4045-B978-A866C20BFD97}
	EndGlobalSection
EndGlobal
