
Microsoft Visual Studio Solution File, Format Version 12.00
# Visual Studio Version 16
VisualStudioVersion = 16.0.29806.167
MinimumVisualStudioVersion = 10.0.40219.1
Project("{2150E333-8FDC-42A3-9474-1A3956D46DE8}") = "week1", "week1", "{1678DA56-A09E-453F-8DFC-646E9E9E5D09}"
EndProject
Project("{2150E333-8FDC-42A3-9474-1A3956D46DE8}") = "class", "class", "{06FE19C8-2F7A-4065-B50A-DCF3FDDF717B}"
EndProject
Project("{2150E333-8FDC-42A3-9474-1A3956D46DE8}") = "home", "home", "{D55F4653-F328-45C6-AB75-4A3191281BE7}"
EndProject
Project("{9A19103F-16F7-4668-BE54-9A1E7A4F7556}") = "ex1", "ex1\ex1.csproj", "{C25B6480-4A6D-46D7-B1DF-38AC99AF87B4}"
EndProject
Project("{9A19103F-16F7-4668-BE54-9A1E7A4F7556}") = "ex2", "ex2\ex2\ex2.csproj", "{91E1AD1B-2135-4977-89AA-0A503DB1CA6C}"
EndProject
Project("{9A19103F-16F7-4668-BE54-9A1E7A4F7556}") = "ex8", "ex3\ex8.csproj", "{30F6ABA2-D986-47E0-A45B-E624798667C9}"
EndProject
Project("{9A19103F-16F7-4668-BE54-9A1E7A4F7556}") = "runHomework", "runHomework\runHomework.csproj", "{6928109A-0B0E-4A1D-807A-1B61CEE608C1}"
EndProject
Project("{2150E333-8FDC-42A3-9474-1A3956D46DE8}") = "lib", "lib", "{1F225061-DCAA-480C-9427-E4E49390A19D}"
EndProject
Project("{9A19103F-16F7-4668-BE54-9A1E7A4F7556}") = "exercise1", "homework\exercise1\exercise1.csproj", "{EF38FAB7-95ED-4E8D-9FA1-0B7AF5D78DFC}"
EndProject
Project("{9A19103F-16F7-4668-BE54-9A1E7A4F7556}") = "Exercise2", "homework\exercise2\Exercise2\Exercise2.csproj", "{D2330E10-BCEE-4521-B462-7F9F8AD24699}"
EndProject
Project("{9A19103F-16F7-4668-BE54-9A1E7A4F7556}") = "exercise3", "homework\exercise3\Excercise3\exercise3.csproj", "{B9756B2C-12CA-413D-8C7C-A2333A672665}"
EndProject
Project("{9A19103F-16F7-4668-BE54-9A1E7A4F7556}") = "Exercise4", "homework\exercise4\Excersise4\Exercise4.csproj", "{B74614D6-2EF3-48E8-86DA-DEC366A5F804}"
EndProject
Project("{9A19103F-16F7-4668-BE54-9A1E7A4F7556}") = "Exercise5", "homework\exercise5\Exercise5\Exercise5.csproj", "{699377B2-CC1D-4158-AB1A-8255830DD0BF}"
EndProject
Project("{9A19103F-16F7-4668-BE54-9A1E7A4F7556}") = "Exercise6", "homework\exercise6\Exercise6\Exercise6.csproj", "{86B79C27-35D0-4ADC-9CF2-ED5D799F4C73}"
EndProject
Project("{9A19103F-16F7-4668-BE54-9A1E7A4F7556}") = "Exercise7", "homework\exercise7\Exercise7\Exercise7.csproj", "{690FBA33-124B-4060-9D79-1E9EA47B6F0D}"
EndProject
Project("{2150E333-8FDC-42A3-9474-1A3956D46DE8}") = "week2", "week2", "{A06C0661-8F1F-4BA8-BDD5-E77CD32C8AD4}"
EndProject
Project("{2150E333-8FDC-42A3-9474-1A3956D46DE8}") = "Homework", "Homework", "{A4D759DD-CE95-4592-B5F5-F22570E0A012}"
EndProject
Project("{9A19103F-16F7-4668-BE54-9A1E7A4F7556}") = "HotelApp", "..\Week2\HotelApp\HotelApp.csproj", "{F4BA85F9-DF4A-48CA-851F-F5CE5EED64A9}"
EndProject
Project("{2150E333-8FDC-42A3-9474-1A3956D46DE8}") = "lib", "lib", "{F97F07FF-7DA5-424D-8525-EB7459F1B9C5}"
EndProject
Project("{9A19103F-16F7-4668-BE54-9A1E7A4F7556}") = "CarApp", "Week2\CarApp\CarApp.csproj", "{514C6247-7003-42C9-9108-C14A61E2385C}"
EndProject
Project("{9A19103F-16F7-4668-BE54-9A1E7A4F7556}") = "week3Run", "..\Week3\week3Run\week3Run.csproj", "{83A68A91-366B-4F8B-A735-225D572805E7}"
EndProject
Project("{2150E333-8FDC-42A3-9474-1A3956D46DE8}") = "Week2_homeWork", "Week2_homeWork", "{745C45E6-74A1-4096-AFB5-A56BD69A4A88}"
EndProject
Global
	GlobalSection(SolutionConfigurationPlatforms) = preSolution
		Debug|Any CPU = Debug|Any CPU
		Release|Any CPU = Release|Any CPU
	EndGlobalSection
	GlobalSection(ProjectConfigurationPlatforms) = postSolution
		{C25B6480-4A6D-46D7-B1DF-38AC99AF87B4}.Debug|Any CPU.ActiveCfg = Debug|Any CPU
		{C25B6480-4A6D-46D7-B1DF-38AC99AF87B4}.Debug|Any CPU.Build.0 = Debug|Any CPU
		{C25B6480-4A6D-46D7-B1DF-38AC99AF87B4}.Release|Any CPU.ActiveCfg = Release|Any CPU
		{C25B6480-4A6D-46D7-B1DF-38AC99AF87B4}.Release|Any CPU.Build.0 = Release|Any CPU
		{91E1AD1B-2135-4977-89AA-0A503DB1CA6C}.Debug|Any CPU.ActiveCfg = Debug|Any CPU
		{91E1AD1B-2135-4977-89AA-0A503DB1CA6C}.Debug|Any CPU.Build.0 = Debug|Any CPU
		{91E1AD1B-2135-4977-89AA-0A503DB1CA6C}.Release|Any CPU.ActiveCfg = Release|Any CPU
		{91E1AD1B-2135-4977-89AA-0A503DB1CA6C}.Release|Any CPU.Build.0 = Release|Any CPU
		{30F6ABA2-D986-47E0-A45B-E624798667C9}.Debug|Any CPU.ActiveCfg = Debug|Any CPU
		{30F6ABA2-D986-47E0-A45B-E624798667C9}.Debug|Any CPU.Build.0 = Debug|Any CPU
		{30F6ABA2-D986-47E0-A45B-E624798667C9}.Release|Any CPU.ActiveCfg = Release|Any CPU
		{30F6ABA2-D986-47E0-A45B-E624798667C9}.Release|Any CPU.Build.0 = Release|Any CPU
		{6928109A-0B0E-4A1D-807A-1B61CEE608C1}.Debug|Any CPU.ActiveCfg = Debug|Any CPU
		{6928109A-0B0E-4A1D-807A-1B61CEE608C1}.Debug|Any CPU.Build.0 = Debug|Any CPU
		{6928109A-0B0E-4A1D-807A-1B61CEE608C1}.Release|Any CPU.ActiveCfg = Release|Any CPU
		{6928109A-0B0E-4A1D-807A-1B61CEE608C1}.Release|Any CPU.Build.0 = Release|Any CPU
		{EF38FAB7-95ED-4E8D-9FA1-0B7AF5D78DFC}.Debug|Any CPU.ActiveCfg = Debug|Any CPU
		{EF38FAB7-95ED-4E8D-9FA1-0B7AF5D78DFC}.Debug|Any CPU.Build.0 = Debug|Any CPU
		{EF38FAB7-95ED-4E8D-9FA1-0B7AF5D78DFC}.Release|Any CPU.ActiveCfg = Release|Any CPU
		{EF38FAB7-95ED-4E8D-9FA1-0B7AF5D78DFC}.Release|Any CPU.Build.0 = Release|Any CPU
		{D2330E10-BCEE-4521-B462-7F9F8AD24699}.Debug|Any CPU.ActiveCfg = Debug|Any CPU
		{D2330E10-BCEE-4521-B462-7F9F8AD24699}.Debug|Any CPU.Build.0 = Debug|Any CPU
		{D2330E10-BCEE-4521-B462-7F9F8AD24699}.Release|Any CPU.ActiveCfg = Release|Any CPU
		{D2330E10-BCEE-4521-B462-7F9F8AD24699}.Release|Any CPU.Build.0 = Release|Any CPU
		{B9756B2C-12CA-413D-8C7C-A2333A672665}.Debug|Any CPU.ActiveCfg = Debug|Any CPU
		{B9756B2C-12CA-413D-8C7C-A2333A672665}.Debug|Any CPU.Build.0 = Debug|Any CPU
		{B9756B2C-12CA-413D-8C7C-A2333A672665}.Release|Any CPU.ActiveCfg = Release|Any CPU
		{B9756B2C-12CA-413D-8C7C-A2333A672665}.Release|Any CPU.Build.0 = Release|Any CPU
		{B74614D6-2EF3-48E8-86DA-DEC366A5F804}.Debug|Any CPU.ActiveCfg = Debug|Any CPU
		{B74614D6-2EF3-48E8-86DA-DEC366A5F804}.Debug|Any CPU.Build.0 = Debug|Any CPU
		{B74614D6-2EF3-48E8-86DA-DEC366A5F804}.Release|Any CPU.ActiveCfg = Release|Any CPU
		{B74614D6-2EF3-48E8-86DA-DEC366A5F804}.Release|Any CPU.Build.0 = Release|Any CPU
		{699377B2-CC1D-4158-AB1A-8255830DD0BF}.Debug|Any CPU.ActiveCfg = Debug|Any CPU
		{699377B2-CC1D-4158-AB1A-8255830DD0BF}.Debug|Any CPU.Build.0 = Debug|Any CPU
		{699377B2-CC1D-4158-AB1A-8255830DD0BF}.Release|Any CPU.ActiveCfg = Release|Any CPU
		{699377B2-CC1D-4158-AB1A-8255830DD0BF}.Release|Any CPU.Build.0 = Release|Any CPU
		{86B79C27-35D0-4ADC-9CF2-ED5D799F4C73}.Debug|Any CPU.ActiveCfg = Debug|Any CPU
		{86B79C27-35D0-4ADC-9CF2-ED5D799F4C73}.Debug|Any CPU.Build.0 = Debug|Any CPU
		{86B79C27-35D0-4ADC-9CF2-ED5D799F4C73}.Release|Any CPU.ActiveCfg = Release|Any CPU
		{86B79C27-35D0-4ADC-9CF2-ED5D799F4C73}.Release|Any CPU.Build.0 = Release|Any CPU
		{690FBA33-124B-4060-9D79-1E9EA47B6F0D}.Debug|Any CPU.ActiveCfg = Debug|Any CPU
		{690FBA33-124B-4060-9D79-1E9EA47B6F0D}.Debug|Any CPU.Build.0 = Debug|Any CPU
		{690FBA33-124B-4060-9D79-1E9EA47B6F0D}.Release|Any CPU.ActiveCfg = Release|Any CPU
		{690FBA33-124B-4060-9D79-1E9EA47B6F0D}.Release|Any CPU.Build.0 = Release|Any CPU
		{F4BA85F9-DF4A-48CA-851F-F5CE5EED64A9}.Debug|Any CPU.ActiveCfg = Debug|Any CPU
		{F4BA85F9-DF4A-48CA-851F-F5CE5EED64A9}.Debug|Any CPU.Build.0 = Debug|Any CPU
		{F4BA85F9-DF4A-48CA-851F-F5CE5EED64A9}.Release|Any CPU.ActiveCfg = Release|Any CPU
		{F4BA85F9-DF4A-48CA-851F-F5CE5EED64A9}.Release|Any CPU.Build.0 = Release|Any CPU
		{514C6247-7003-42C9-9108-C14A61E2385C}.Debug|Any CPU.ActiveCfg = Debug|Any CPU
		{514C6247-7003-42C9-9108-C14A61E2385C}.Debug|Any CPU.Build.0 = Debug|Any CPU
		{514C6247-7003-42C9-9108-C14A61E2385C}.Release|Any CPU.ActiveCfg = Release|Any CPU
		{514C6247-7003-42C9-9108-C14A61E2385C}.Release|Any CPU.Build.0 = Release|Any CPU
		{83A68A91-366B-4F8B-A735-225D572805E7}.Debug|Any CPU.ActiveCfg = Debug|Any CPU
		{83A68A91-366B-4F8B-A735-225D572805E7}.Debug|Any CPU.Build.0 = Debug|Any CPU
		{83A68A91-366B-4F8B-A735-225D572805E7}.Release|Any CPU.ActiveCfg = Release|Any CPU
		{83A68A91-366B-4F8B-A735-225D572805E7}.Release|Any CPU.Build.0 = Release|Any CPU
	EndGlobalSection
	GlobalSection(SolutionProperties) = preSolution
		HideSolutionNode = FALSE
	EndGlobalSection
	GlobalSection(NestedProjects) = preSolution
		{06FE19C8-2F7A-4065-B50A-DCF3FDDF717B} = {1678DA56-A09E-453F-8DFC-646E9E9E5D09}
		{D55F4653-F328-45C6-AB75-4A3191281BE7} = {1678DA56-A09E-453F-8DFC-646E9E9E5D09}
		{C25B6480-4A6D-46D7-B1DF-38AC99AF87B4} = {06FE19C8-2F7A-4065-B50A-DCF3FDDF717B}
		{91E1AD1B-2135-4977-89AA-0A503DB1CA6C} = {06FE19C8-2F7A-4065-B50A-DCF3FDDF717B}
		{30F6ABA2-D986-47E0-A45B-E624798667C9} = {06FE19C8-2F7A-4065-B50A-DCF3FDDF717B}
		{6928109A-0B0E-4A1D-807A-1B61CEE608C1} = {D55F4653-F328-45C6-AB75-4A3191281BE7}
		{1F225061-DCAA-480C-9427-E4E49390A19D} = {D55F4653-F328-45C6-AB75-4A3191281BE7}
		{EF38FAB7-95ED-4E8D-9FA1-0B7AF5D78DFC} = {1F225061-DCAA-480C-9427-E4E49390A19D}
		{D2330E10-BCEE-4521-B462-7F9F8AD24699} = {1F225061-DCAA-480C-9427-E4E49390A19D}
		{B9756B2C-12CA-413D-8C7C-A2333A672665} = {1F225061-DCAA-480C-9427-E4E49390A19D}
		{B74614D6-2EF3-48E8-86DA-DEC366A5F804} = {1F225061-DCAA-480C-9427-E4E49390A19D}
		{699377B2-CC1D-4158-AB1A-8255830DD0BF} = {1F225061-DCAA-480C-9427-E4E49390A19D}
		{86B79C27-35D0-4ADC-9CF2-ED5D799F4C73} = {1F225061-DCAA-480C-9427-E4E49390A19D}
		{690FBA33-124B-4060-9D79-1E9EA47B6F0D} = {1F225061-DCAA-480C-9427-E4E49390A19D}
		{A4D759DD-CE95-4592-B5F5-F22570E0A012} = {745C45E6-74A1-4096-AFB5-A56BD69A4A88}
		{F4BA85F9-DF4A-48CA-851F-F5CE5EED64A9} = {A4D759DD-CE95-4592-B5F5-F22570E0A012}
		{F97F07FF-7DA5-424D-8525-EB7459F1B9C5} = {A4D759DD-CE95-4592-B5F5-F22570E0A012}
		{514C6247-7003-42C9-9108-C14A61E2385C} = {A4D759DD-CE95-4592-B5F5-F22570E0A012}
	EndGlobalSection
	GlobalSection(ExtensibilityGlobals) = postSolution
		SolutionGuid = {023F3207-FAB3-46AA-83F1-70CA94137E0C}
	EndGlobalSection
EndGlobal
