
Microsoft Visual Studio Solution File, Format Version 12.00
# Visual Studio Version 16
VisualStudioVersion = 16.0.29806.167
MinimumVisualStudioVersion = 10.0.40219.1
Project("{2150E333-8FDC-42A3-9474-1A3956D46DE8}") = "week1", "week1", "{1678DA56-A09E-453F-8DFC-646E9E9E5D09}"
EndProject
Project("{2150E333-8FDC-42A3-9474-1A3956D46DE8}") = "class", "class", "{06FE19C8-2F7A-4065-B50A-DCF3FDDF717B}"
EndProject
Project("{2150E333-8FDC-42A3-9474-1A3956D46DE8}") = "home", "home", "{D55F4653-F328-45C6-AB75-4A3191281BE7}"
EndProject
Project("{9A19103F-16F7-4668-BE54-9A1E7A4F7556}") = "ex1", "ex1\ex1.csproj", "{C25B6480-4A6D-46D7-B1DF-38AC99AF87B4}"
EndProject
Project("{FAE04EC0-301F-11D3-BF4B-00C04F79EFBC}") = "ex2", "ex2\ex2\ex2.csproj", "{91E1AD1B-2135-4977-89AA-0A503DB1CA6C}"
EndProject
Global
	GlobalSection(SolutionConfigurationPlatforms) = preSolution
		Debug|Any CPU = Debug|Any CPU
		Release|Any CPU = Release|Any CPU
	EndGlobalSection
	GlobalSection(ProjectConfigurationPlatforms) = postSolution
		{C25B6480-4A6D-46D7-B1DF-38AC99AF87B4}.Debug|Any CPU.ActiveCfg = Debug|Any CPU
		{C25B6480-4A6D-46D7-B1DF-38AC99AF87B4}.Debug|Any CPU.Build.0 = Debug|Any CPU
		{C25B6480-4A6D-46D7-B1DF-38AC99AF87B4}.Release|Any CPU.ActiveCfg = Release|Any CPU
		{C25B6480-4A6D-46D7-B1DF-38AC99AF87B4}.Release|Any CPU.Build.0 = Release|Any CPU
		{91E1AD1B-2135-4977-89AA-0A503DB1CA6C}.Debug|Any CPU.ActiveCfg = Debug|Any CPU
		{91E1AD1B-2135-4977-89AA-0A503DB1CA6C}.Debug|Any CPU.Build.0 = Debug|Any CPU
		{91E1AD1B-2135-4977-89AA-0A503DB1CA6C}.Release|Any CPU.ActiveCfg = Release|Any CPU
		{91E1AD1B-2135-4977-89AA-0A503DB1CA6C}.Release|Any CPU.Build.0 = Release|Any CPU
	EndGlobalSection
	GlobalSection(SolutionProperties) = preSolution
		HideSolutionNode = FALSE
	EndGlobalSection
	GlobalSection(NestedProjects) = preSolution
		{06FE19C8-2F7A-4065-B50A-DCF3FDDF717B} = {1678DA56-A09E-453F-8DFC-646E9E9E5D09}
		{D55F4653-F328-45C6-AB75-4A3191281BE7} = {1678DA56-A09E-453F-8DFC-646E9E9E5D09}
		{C25B6480-4A6D-46D7-B1DF-38AC99AF87B4} = {06FE19C8-2F7A-4065-B50A-DCF3FDDF717B}
		{91E1AD1B-2135-4977-89AA-0A503DB1CA6C} = {06FE19C8-2F7A-4065-B50A-DCF3FDDF717B}
	EndGlobalSection
	GlobalSection(ExtensibilityGlobals) = postSolution
		SolutionGuid = {023F3207-FAB3-46AA-83F1-70CA94137E0C}
	EndGlobalSection
EndGlobal
