
Microsoft Visual Studio Solution File, Format Version 12.00
# Visual Studio Version 16
VisualStudioVersion = 16.0.30204.135
MinimumVisualStudioVersion = 10.0.40219.1
Project("{9A19103F-16F7-4668-BE54-9A1E7A4F7556}") = "FileProcessorTasks", "FileProcessorTasks.csproj", "{BFA0219E-A1EB-4220-BC1B-38BF5E6EDF8A}"
EndProject
Global
	GlobalSection(SolutionConfigurationPlatforms) = preSolution
		Debug|Any CPU = Debug|Any CPU
		Release|Any CPU = Release|Any CPU
	EndGlobalSection
	GlobalSection(ProjectConfigurationPlatforms) = postSolution
		{BFA0219E-A1EB-4220-BC1B-38BF5E6EDF8A}.Debug|Any CPU.ActiveCfg = Debug|Any CPU
		{BFA0219E-A1EB-4220-BC1B-38BF5E6EDF8A}.Debug|Any CPU.Build.0 = Debug|Any CPU
		{BFA0219E-A1EB-4220-BC1B-38BF5E6EDF8A}.Release|Any CPU.ActiveCfg = Release|Any CPU
		{BFA0219E-A1EB-4220-BC1B-38BF5E6EDF8A}.Release|Any CPU.Build.0 = Release|Any CPU
	EndGlobalSection
	GlobalSection(SolutionProperties) = preSolution
		HideSolutionNode = FALSE
	EndGlobalSection
	GlobalSection(ExtensibilityGlobals) = postSolution
		SolutionGuid = {764993D6-EA94-4AEC-ABD6-3EC2A0AB2CC2}
	EndGlobalSection
EndGlobal
