
Microsoft Visual Studio Solution File, Format Version 12.00
# Visual Studio Version 16
VisualStudioVersion = 16.0.30225.117
MinimumVisualStudioVersion = 10.0.40219.1
Project("{9A19103F-16F7-4668-BE54-9A1E7A4F7556}") = "MusicLibrary.api", "MusicLibrary\MusicLibrary.api.csproj", "{9C2DB3D8-2113-42B0-9319-8D06DA5B4959}"
EndProject
Project("{9A19103F-16F7-4668-BE54-9A1E7A4F7556}") = "MusicLibrary.Application", "..\MusicLibraryApplication\MusicLibraryApplication\MusicLibrary.Application.csproj", "{68B5EC4D-99D0-4165-A2C8-5744D33AE3CE}"
EndProject
Project("{9A19103F-16F7-4668-BE54-9A1E7A4F7556}") = "MusicLibrary.Domain", "..\MusicLibrary.Domain\MusicLibrary.Domain\MusicLibrary.Domain.csproj", "{07DAB3D2-FFE7-4DC6-B211-FD1BC8975825}"
EndProject
Project("{FAE04EC0-301F-11D3-BF4B-00C04F79EFBC}") = "WebApiClient", "..\WebApiClient\WebApiClient\WebApiClient.csproj", "{F146F84E-91F9-4A46-830B-EBA08732B08B}"
EndProject
Global
	GlobalSection(SolutionConfigurationPlatforms) = preSolution
		Debug|Any CPU = Debug|Any CPU
		Release|Any CPU = Release|Any CPU
	EndGlobalSection
	GlobalSection(ProjectConfigurationPlatforms) = postSolution
		{9C2DB3D8-2113-42B0-9319-8D06DA5B4959}.Debug|Any CPU.ActiveCfg = Debug|Any CPU
		{9C2DB3D8-2113-42B0-9319-8D06DA5B4959}.Debug|Any CPU.Build.0 = Debug|Any CPU
		{9C2DB3D8-2113-42B0-9319-8D06DA5B4959}.Release|Any CPU.ActiveCfg = Release|Any CPU
		{9C2DB3D8-2113-42B0-9319-8D06DA5B4959}.Release|Any CPU.Build.0 = Release|Any CPU
		{68B5EC4D-99D0-4165-A2C8-5744D33AE3CE}.Debug|Any CPU.ActiveCfg = Debug|Any CPU
		{68B5EC4D-99D0-4165-A2C8-5744D33AE3CE}.Debug|Any CPU.Build.0 = Debug|Any CPU
		{68B5EC4D-99D0-4165-A2C8-5744D33AE3CE}.Release|Any CPU.ActiveCfg = Release|Any CPU
		{68B5EC4D-99D0-4165-A2C8-5744D33AE3CE}.Release|Any CPU.Build.0 = Release|Any CPU
		{07DAB3D2-FFE7-4DC6-B211-FD1BC8975825}.Debug|Any CPU.ActiveCfg = Debug|Any CPU
		{07DAB3D2-FFE7-4DC6-B211-FD1BC8975825}.Debug|Any CPU.Build.0 = Debug|Any CPU
		{07DAB3D2-FFE7-4DC6-B211-FD1BC8975825}.Release|Any CPU.ActiveCfg = Release|Any CPU
		{07DAB3D2-FFE7-4DC6-B211-FD1BC8975825}.Release|Any CPU.Build.0 = Release|Any CPU
		{F146F84E-91F9-4A46-830B-EBA08732B08B}.Debug|Any CPU.ActiveCfg = Debug|Any CPU
		{F146F84E-91F9-4A46-830B-EBA08732B08B}.Debug|Any CPU.Build.0 = Debug|Any CPU
		{F146F84E-91F9-4A46-830B-EBA08732B08B}.Release|Any CPU.ActiveCfg = Release|Any CPU
		{F146F84E-91F9-4A46-830B-EBA08732B08B}.Release|Any CPU.Build.0 = Release|Any CPU
	EndGlobalSection
	GlobalSection(SolutionProperties) = preSolution
		HideSolutionNode = FALSE
	EndGlobalSection
	GlobalSection(ExtensibilityGlobals) = postSolution
		SolutionGuid = {F2DBE1B3-4AA9-4D7A-8EFE-018B06CE250F}
	EndGlobalSection
EndGlobal
