
Microsoft Visual Studio Solution File, Format Version 12.00
# Visual Studio Version 16
VisualStudioVersion = 16.0.30225.117
MinimumVisualStudioVersion = 10.0.40219.1
Project("{FAE04EC0-301F-11D3-BF4B-00C04F79EFBC}") = "FirstWebAPI", "FirstWebAPI\FirstWebAPI.csproj", "{6388E136-7165-4C1D-8F25-CD6BED8026BC}"
EndProject
Global
	GlobalSection(SolutionConfigurationPlatforms) = preSolution
		Debug|Any CPU = Debug|Any CPU
		Release|Any CPU = Release|Any CPU
	EndGlobalSection
	GlobalSection(ProjectConfigurationPlatforms) = postSolution
		{6388E136-7165-4C1D-8F25-CD6BED8026BC}.Debug|Any CPU.ActiveCfg = Debug|Any CPU
		{6388E136-7165-4C1D-8F25-CD6BED8026BC}.Debug|Any CPU.Build.0 = Debug|Any CPU
		{6388E136-7165-4C1D-8F25-CD6BED8026BC}.Release|Any CPU.ActiveCfg = Release|Any CPU
		{6388E136-7165-4C1D-8F25-CD6BED8026BC}.Release|Any CPU.Build.0 = Release|Any CPU
	EndGlobalSection
	GlobalSection(SolutionProperties) = preSolution
		HideSolutionNode = FALSE
	EndGlobalSection
	GlobalSection(ExtensibilityGlobals) = postSolution
		SolutionGuid = {556C6832-97AD-4FE3-8843-91643A563D53}
	EndGlobalSection
EndGlobal
