
Microsoft Visual Studio Solution File, Format Version 12.00
# Visual Studio Version 16
VisualStudioVersion = 16.0.30225.117
MinimumVisualStudioVersion = 10.0.40219.1
Project("{FAE04EC0-301F-11D3-BF4B-00C04F79EFBC}") = "HotelApiClientAsp", "HotelApiClientAsp\HotelApiClientAsp.csproj", "{1A5AA8D6-0189-439F-BBF4-7567055D7140}"
EndProject
Global
	GlobalSection(SolutionConfigurationPlatforms) = preSolution
		Debug|Any CPU = Debug|Any CPU
		Release|Any CPU = Release|Any CPU
	EndGlobalSection
	GlobalSection(ProjectConfigurationPlatforms) = postSolution
		{1A5AA8D6-0189-439F-BBF4-7567055D7140}.Debug|Any CPU.ActiveCfg = Debug|Any CPU
		{1A5AA8D6-0189-439F-BBF4-7567055D7140}.Debug|Any CPU.Build.0 = Debug|Any CPU
		{1A5AA8D6-0189-439F-BBF4-7567055D7140}.Release|Any CPU.ActiveCfg = Release|Any CPU
		{1A5AA8D6-0189-439F-BBF4-7567055D7140}.Release|Any CPU.Build.0 = Release|Any CPU
	EndGlobalSection
	GlobalSection(SolutionProperties) = preSolution
		HideSolutionNode = FALSE
	EndGlobalSection
	GlobalSection(ExtensibilityGlobals) = postSolution
		SolutionGuid = {3AEB1B9C-6ECB-44BF-8603-ACDF930036F0}
	EndGlobalSection
EndGlobal
